// !$*UTF8*$!
{
	archiveVersion = 1;
	classes = {
	};
	objectVersion = 46;
	objects = {

/* Begin PBXBuildFile section */
		1C2DF26E1AE26BE7006FE162 /* main.m in Sources */ = {isa = PBXBuildFile; fileRef = 1C2DF26D1AE26BE7006FE162 /* main.m */; };
		1C2DF2711AE26BE7006FE162 /* AppDelegate.m in Sources */ = {isa = PBXBuildFile; fileRef = 1C2DF2701AE26BE7006FE162 /* AppDelegate.m */; };
		1C2DF2741AE26BE7006FE162 /* MasterViewController.m in Sources */ = {isa = PBXBuildFile; fileRef = 1C2DF2731AE26BE7006FE162 /* MasterViewController.m */; };
		1C2DF2771AE26BE7006FE162 /* DetailViewController.m in Sources */ = {isa = PBXBuildFile; fileRef = 1C2DF2761AE26BE7006FE162 /* DetailViewController.m */; };
		1C2DF27A1AE26BE7006FE162 /* Main.storyboard in Resources */ = {isa = PBXBuildFile; fileRef = 1C2DF2781AE26BE7006FE162 /* Main.storyboard */; };
		1C2DF27C1AE26BE7006FE162 /* Images.xcassets in Resources */ = {isa = PBXBuildFile; fileRef = 1C2DF27B1AE26BE7006FE162 /* Images.xcassets */; };
		1C2DF27F1AE26BE7006FE162 /* LaunchScreen.xib in Resources */ = {isa = PBXBuildFile; fileRef = 1C2DF27D1AE26BE7006FE162 /* LaunchScreen.xib */; };
		1C2DF28B1AE26BE7006FE162 /* BRDeviceInfoImageTests.m in Sources */ = {isa = PBXBuildFile; fileRef = 1C2DF28A1AE26BE7006FE162 /* BRDeviceInfoImageTests.m */; };
/* End PBXBuildFile section */

/* Begin PBXContainerItemProxy section */
		1C2DF2851AE26BE7006FE162 /* PBXContainerItemProxy */ = {
			isa = PBXContainerItemProxy;
			containerPortal = 1C2DF2601AE26BE6006FE162 /* Project object */;
			proxyType = 1;
			remoteGlobalIDString = 1C2DF2671AE26BE6006FE162;
			remoteInfo = BRDeviceInfoImage;
		};
/* End PBXContainerItemProxy section */

/* Begin PBXFileReference section */
		1C2DF2681AE26BE7006FE162 /* BRDeviceInfoImage.app */ = {isa = PBXFileReference; explicitFileType = wrapper.application; includeInIndex = 0; path = BRDeviceInfoImage.app; sourceTree = BUILT_PRODUCTS_DIR; };
		1C2DF26C1AE26BE7006FE162 /* Info.plist */ = {isa = PBXFileReference; lastKnownFileType = text.plist.xml; path = Info.plist; sourceTree = "<group>"; };
		1C2DF26D1AE26BE7006FE162 /* main.m */ = {isa = PBXFileReference; lastKnownFileType = sourcecode.c.objc; path = main.m; sourceTree = "<group>"; };
		1C2DF26F1AE26BE7006FE162 /* AppDelegate.h */ = {isa = PBXFileReference; lastKnownFileType = sourcecode.c.h; path = AppDelegate.h; sourceTree = "<group>"; };
		1C2DF2701AE26BE7006FE162 /* AppDelegate.m */ = {isa = PBXFileReference; lastKnownFileType = sourcecode.c.objc; path = AppDelegate.m; sourceTree = "<group>"; };
		1C2DF2721AE26BE7006FE162 /* MasterViewController.h */ = {isa = PBXFileReference; lastKnownFileType = sourcecode.c.h; path = MasterViewController.h; sourceTree = "<group>"; };
		1C2DF2731AE26BE7006FE162 /* MasterViewController.m */ = {isa = PBXFileReference; lastKnownFileType = sourcecode.c.objc; path = MasterViewController.m; sourceTree = "<group>"; };
		1C2DF2751AE26BE7006FE162 /* DetailViewController.h */ = {isa = PBXFileReference; lastKnownFileType = sourcecode.c.h; path = DetailViewController.h; sourceTree = "<group>"; };
		1C2DF2761AE26BE7006FE162 /* DetailViewController.m */ = {isa = PBXFileReference; lastKnownFileType = sourcecode.c.objc; path = DetailViewController.m; sourceTree = "<group>"; };
		1C2DF2791AE26BE7006FE162 /* Base */ = {isa = PBXFileReference; lastKnownFileType = file.storyboard; name = Base; path = Base.lproj/Main.storyboard; sourceTree = "<group>"; };
		1C2DF27B1AE26BE7006FE162 /* Images.xcassets */ = {isa = PBXFileReference; lastKnownFileType = folder.assetcatalog; path = Images.xcassets; sourceTree = "<group>"; };
		1C2DF27E1AE26BE7006FE162 /* Base */ = {isa = PBXFileReference; lastKnownFileType = file.xib; name = Base; path = Base.lproj/LaunchScreen.xib; sourceTree = "<group>"; };
		1C2DF2841AE26BE7006FE162 /* BRDeviceInfoImageTests.xctest */ = {isa = PBXFileReference; explicitFileType = wrapper.cfbundle; includeInIndex = 0; path = BRDeviceInfoImageTests.xctest; sourceTree = BUILT_PRODUCTS_DIR; };
		1C2DF2891AE26BE7006FE162 /* Info.plist */ = {isa = PBXFileReference; lastKnownFileType = text.plist.xml; path = Info.plist; sourceTree = "<group>"; };
		1C2DF28A1AE26BE7006FE162 /* BRDeviceInfoImageTests.m */ = {isa = PBXFileReference; lastKnownFileType = sourcecode.c.objc; path = BRDeviceInfoImageTests.m; sourceTree = "<group>"; };
/* End PBXFileReference section */

/* Begin PBXFrameworksBuildPhase section */
		1C2DF2651AE26BE6006FE162 /* Frameworks */ = {
			isa = PBXFrameworksBuildPhase;
			buildActionMask = 2147483647;
			files = (
			);
			runOnlyForDeploymentPostprocessing = 0;
		};
		1C2DF2811AE26BE7006FE162 /* Frameworks */ = {
			isa = PBXFrameworksBuildPhase;
			buildActionMask = 2147483647;
			files = (
			);
			runOnlyForDeploymentPostprocessing = 0;
		};
/* End PBXFrameworksBuildPhase section */

/* Begin PBXGroup section */
		1C2DF25F1AE26BE6006FE162 = {
			isa = PBXGroup;
			children = (
				1C2DF26A1AE26BE7006FE162 /* BRDeviceInfoImage */,
				1C2DF2871AE26BE7006FE162 /* BRDeviceInfoImageTests */,
				1C2DF2691AE26BE7006FE162 /* Products */,
			);
			sourceTree = "<group>";
		};
		1C2DF2691AE26BE7006FE162 /* Products */ = {
			isa = PBXGroup;
			children = (
				1C2DF2681AE26BE7006FE162 /* BRDeviceInfoImage.app */,
				1C2DF2841AE26BE7006FE162 /* BRDeviceInfoImageTests.xctest */,
			);
			name = Products;
			sourceTree = "<group>";
		};
		1C2DF26A1AE26BE7006FE162 /* BRDeviceInfoImage */ = {
			isa = PBXGroup;
			children = (
				1C2DF26F1AE26BE7006FE162 /* AppDelegate.h */,
				1C2DF2701AE26BE7006FE162 /* AppDelegate.m */,
				1C2DF2721AE26BE7006FE162 /* MasterViewController.h */,
				1C2DF2731AE26BE7006FE162 /* MasterViewController.m */,
				1C2DF2751AE26BE7006FE162 /* DetailViewController.h */,
				1C2DF2761AE26BE7006FE162 /* DetailViewController.m */,
				1C2DF2781AE26BE7006FE162 /* Main.storyboard */,
				1C2DF27B1AE26BE7006FE162 /* Images.xcassets */,
				1C2DF27D1AE26BE7006FE162 /* LaunchScreen.xib */,
				1C2DF26B1AE26BE7006FE162 /* Supporting Files */,
			);
			path = BRDeviceInfoImage;
			sourceTree = "<group>";
		};
		1C2DF26B1AE26BE7006FE162 /* Supporting Files */ = {
			isa = PBXGroup;
			children = (
				1C2DF26C1AE26BE7006FE162 /* Info.plist */,
				1C2DF26D1AE26BE7006FE162 /* main.m */,
			);
			name = "Supporting Files";
			sourceTree = "<group>";
		};
		1C2DF2871AE26BE7006FE162 /* BRDeviceInfoImageTests */ = {
			isa = PBXGroup;
			children = (
				1C2DF28A1AE26BE7006FE162 /* BRDeviceInfoImageTests.m */,
				1C2DF2881AE26BE7006FE162 /* Supporting Files */,
			);
			path = BRDeviceInfoImageTests;
			sourceTree = "<group>";
		};
		1C2DF2881AE26BE7006FE162 /* Supporting Files */ = {
			isa = PBXGroup;
			children = (
				1C2DF2891AE26BE7006FE162 /* Info.plist */,
			);
			name = "Supporting Files";
			sourceTree = "<group>";
		};
/* End PBXGroup section */

/* Begin PBXNativeTarget section */
		1C2DF2671AE26BE6006FE162 /* BRDeviceInfoImage */ = {
			isa = PBXNativeTarget;
			buildConfigurationList = 1C2DF28E1AE26BE7006FE162 /* Build configuration list for PBXNativeTarget "BRDeviceInfoImage" */;
			buildPhases = (
				1C2DF2641AE26BE6006FE162 /* Sources */,
				1C2DF2651AE26BE6006FE162 /* Frameworks */,
				1C2DF2661AE26BE6006FE162 /* Resources */,
			);
			buildRules = (
			);
			dependencies = (
			);
			name = BRDeviceInfoImage;
			productName = BRDeviceInfoImage;
			productReference = 1C2DF2681AE26BE7006FE162 /* BRDeviceInfoImage.app */;
			productType = "com.apple.product-type.application";
		};
		1C2DF2831AE26BE7006FE162 /* BRDeviceInfoImageTests */ = {
			isa = PBXNativeTarget;
			buildConfigurationList = 1C2DF2911AE26BE7006FE162 /* Build configuration list for PBXNativeTarget "BRDeviceInfoImageTests" */;
			buildPhases = (
				1C2DF2801AE26BE7006FE162 /* Sources */,
				1C2DF2811AE26BE7006FE162 /* Frameworks */,
				1C2DF2821AE26BE7006FE162 /* Resources */,
			);
			buildRules = (
			);
			dependencies = (
				1C2DF2861AE26BE7006FE162 /* PBXTargetDependency */,
			);
			name = BRDeviceInfoImageTests;
			productName = BRDeviceInfoImageTests;
			productReference = 1C2DF2841AE26BE7006FE162 /* BRDeviceInfoImageTests.xctest */;
			productType = "com.apple.product-type.bundle.unit-test";
		};
/* End PBXNativeTarget section */

/* Begin PBXProject section */
		1C2DF2601AE26BE6006FE162 /* Project object */ = {
			isa = PBXProject;
			attributes = {
				LastUpgradeCheck = 0630;
				ORGANIZATIONNAME = "Jesús";
				TargetAttributes = {
					1C2DF2671AE26BE6006FE162 = {
						CreatedOnToolsVersion = 6.3;
					};
					1C2DF2831AE26BE7006FE162 = {
						CreatedOnToolsVersion = 6.3;
						TestTargetID = 1C2DF2671AE26BE6006FE162;
					};
				};
			};
			buildConfigurationList = 1C2DF2631AE26BE6006FE162 /* Build configuration list for PBXProject "BRDeviceInfoImage" */;
			compatibilityVersion = "Xcode 3.2";
			developmentRegion = English;
			hasScannedForEncodings = 0;
			knownRegions = (
				en,
				Base,
			);
			mainGroup = 1C2DF25F1AE26BE6006FE162;
			productRefGroup = 1C2DF2691AE26BE7006FE162 /* Products */;
			projectDirPath = "";
			projectRoot = "";
			targets = (
				1C2DF2671AE26BE6006FE162 /* BRDeviceInfoImage */,
				1C2DF2831AE26BE7006FE162 /* BRDeviceInfoImageTests */,
			);
		};
/* End PBXProject section */

/* Begin PBXResourcesBuildPhase section */
		1C2DF2661AE26BE6006FE162 /* Resources */ = {
			isa = PBXResourcesBuildPhase;
			buildActionMask = 2147483647;
			files = (
				1C2DF27A1AE26BE7006FE162 /* Main.storyboard in Resources */,
				1C2DF27F1AE26BE7006FE162 /* LaunchScreen.xib in Resources */,
				1C2DF27C1AE26BE7006FE162 /* Images.xcassets in Resources */,
			);
			runOnlyForDeploymentPostprocessing = 0;
		};
		1C2DF2821AE26BE7006FE162 /* Resources */ = {
			isa = PBXResourcesBuildPhase;
			buildActionMask = 2147483647;
			files = (
			);
			runOnlyForDeploymentPostprocessing = 0;
		};
/* End PBXResourcesBuildPhase section */

/* Begin PBXSourcesBuildPhase section */
		1C2DF2641AE26BE6006FE162 /* Sources */ = {
			isa = PBXSourcesBuildPhase;
			buildActionMask = 2147483647;
			files = (
				1C2DF2711AE26BE7006FE162 /* AppDelegate.m in Sources */,
				1C2DF2741AE26BE7006FE162 /* MasterViewController.m in Sources */,
				1C2DF26E1AE26BE7006FE162 /* main.m in Sources */,
				1C2DF2771AE26BE7006FE162 /* DetailViewController.m in Sources */,
			);
			runOnlyForDeploymentPostprocessing = 0;
		};
		1C2DF2801AE26BE7006FE162 /* Sources */ = {
			isa = PBXSourcesBuildPhase;
			buildActionMask = 2147483647;
			files = (
				1C2DF28B1AE26BE7006FE162 /* BRDeviceInfoImageTests.m in Sources */,
			);
			runOnlyForDeploymentPostprocessing = 0;
		};
/* End PBXSourcesBuildPhase section */

/* Begin PBXTargetDependency section */
		1C2DF2861AE26BE7006FE162 /* PBXTargetDependency */ = {
			isa = PBXTargetDependency;
			target = 1C2DF2671AE26BE6006FE162 /* BRDeviceInfoImage */;
			targetProxy = 1C2DF2851AE26BE7006FE162 /* PBXContainerItemProxy */;
		};
/* End PBXTargetDependency section */

/* Begin PBXVariantGroup section */
		1C2DF2781AE26BE7006FE162 /* Main.storyboard */ = {
			isa = PBXVariantGroup;
			children = (
				1C2DF2791AE26BE7006FE162 /* Base */,
			);
			name = Main.storyboard;
			sourceTree = "<group>";
		};
		1C2DF27D1AE26BE7006FE162 /* LaunchScreen.xib */ = {
			isa = PBXVariantGroup;
			children = (
				1C2DF27E1AE26BE7006FE162 /* Base */,
			);
			name = LaunchScreen.xib;
			sourceTree = "<group>";
		};
/* End PBXVariantGroup section */

/* Begin XCBuildConfiguration section */
		1C2DF28C1AE26BE7006FE162 /* Debug */ = {
			isa = XCBuildConfiguration;
			buildSettings = {
				ALWAYS_SEARCH_USER_PATHS = NO;
				CLANG_CXX_LANGUAGE_STANDARD = "gnu++0x";
				CLANG_CXX_LIBRARY = "libc++";
				CLANG_ENABLE_MODULES = YES;
				CLANG_ENABLE_OBJC_ARC = YES;
				CLANG_WARN_BOOL_CONVERSION = YES;
				CLANG_WARN_CONSTANT_CONVERSION = YES;
				CLANG_WARN_DIRECT_OBJC_ISA_USAGE = YES_ERROR;
				CLANG_WARN_EMPTY_BODY = YES;
				CLANG_WARN_ENUM_CONVERSION = YES;
				CLANG_WARN_INT_CONVERSION = YES;
				CLANG_WARN_OBJC_ROOT_CLASS = YES_ERROR;
				CLANG_WARN_UNREACHABLE_CODE = YES;
				CLANG_WARN__DUPLICATE_METHOD_MATCH = YES;
				"CODE_SIGN_IDENTITY[sdk=iphoneos*]" = "iPhone Developer";
				COPY_PHASE_STRIP = NO;
				DEBUG_INFORMATION_FORMAT = "dwarf-with-dsym";
				ENABLE_STRICT_OBJC_MSGSEND = YES;
				GCC_C_LANGUAGE_STANDARD = gnu99;
				GCC_DYNAMIC_NO_PIC = NO;
				GCC_NO_COMMON_BLOCKS = YES;
				GCC_OPTIMIZATION_LEVEL = 0;
				GCC_PREPROCESSOR_DEFINITIONS = (
					"DEBUG=1",
					"$(inherited)",
				);
				GCC_SYMBOLS_PRIVATE_EXTERN = NO;
				GCC_WARN_64_TO_32_BIT_CONVERSION = YES;
				GCC_WARN_ABOUT_RETURN_TYPE = YES_ERROR;
				GCC_WARN_UNDECLARED_SELECTOR = YES;
				GCC_WARN_UNINITIALIZED_AUTOS = YES_AGGRESSIVE;
				GCC_WARN_UNUSED_FUNCTION = YES;
				GCC_WARN_UNUSED_VARIABLE = YES;
				IPHONEOS_DEPLOYMENT_TARGET = 8.3;
				MTL_ENABLE_DEBUG_INFO = YES;
				ONLY_ACTIVE_ARCH = YES;
				SDKROOT = iphoneos;
				TARGETED_DEVICE_FAMILY = "1,2";
			};
			name = Debug;
		};
		1C2DF28D1AE26BE7006FE162 /* Release */ = {
			isa = XCBuildConfiguration;
			buildSettings = {
				ALWAYS_SEARCH_USER_PATHS = NO;
				CLANG_CXX_LANGUAGE_STANDARD = "gnu++0x";
				CLANG_CXX_LIBRARY = "libc++";
				CLANG_ENABLE_MODULES = YES;
				CLANG_ENABLE_OBJC_ARC = YES;
				CLANG_WARN_BOOL_CONVERSION = YES;
				CLANG_WARN_CONSTANT_CONVERSION = YES;
				CLANG_WARN_DIRECT_OBJC_ISA_USAGE = YES_ERROR;
				CLANG_WARN_EMPTY_BODY = YES;
				CLANG_WARN_ENUM_CONVERSION = YES;
				CLANG_WARN_INT_CONVERSION = YES;
				CLANG_WARN_OBJC_ROOT_CLASS = YES_ERROR;
				CLANG_WARN_UNREACHABLE_CODE = YES;
				CLANG_WARN__DUPLICATE_METHOD_MATCH = YES;
				"CODE_SIGN_IDENTITY[sdk=iphoneos*]" = "iPhone Developer";
				COPY_PHASE_STRIP = NO;
				DEBUG_INFORMATION_FORMAT = "dwarf-with-dsym";
				ENABLE_NS_ASSERTIONS = NO;
				ENABLE_STRICT_OBJC_MSGSEND = YES;
				GCC_C_LANGUAGE_STANDARD = gnu99;
				GCC_NO_COMMON_BLOCKS = YES;
				GCC_WARN_64_TO_32_BIT_CONVERSION = YES;
				GCC_WARN_ABOUT_RETURN_TYPE = YES_ERROR;
				GCC_WARN_UNDECLARED_SELECTOR = YES;
				GCC_WARN_UNINITIALIZED_AUTOS = YES_AGGRESSIVE;
				GCC_WARN_UNUSED_FUNCTION = YES;
				GCC_WARN_UNUSED_VARIABLE = YES;
				IPHONEOS_DEPLOYMENT_TARGET = 8.3;
				MTL_ENABLE_DEBUG_INFO = NO;
				SDKROOT = iphoneos;
				TARGETED_DEVICE_FAMILY = "1,2";
				VALIDATE_PRODUCT = YES;
			};
			name = Release;
		};
		1C2DF28F1AE26BE7006FE162 /* Debug */ = {
			isa = XCBuildConfiguration;
			buildSettings = {
				ASSETCATALOG_COMPILER_APPICON_NAME = AppIcon;
				INFOPLIST_FILE = BRDeviceInfoImage/Info.plist;
				LD_RUNPATH_SEARCH_PATHS = "$(inherited) @executable_path/Frameworks";
				PRODUCT_NAME = "$(TARGET_NAME)";
			};
			name = Debug;
		};
		1C2DF2901AE26BE7006FE162 /* Release */ = {
			isa = XCBuildConfiguration;
			buildSettings = {
				ASSETCATALOG_COMPILER_APPICON_NAME = AppIcon;
				INFOPLIST_FILE = BRDeviceInfoImage/Info.plist;
				LD_RUNPATH_SEARCH_PATHS = "$(inherited) @executable_path/Frameworks";
				PRODUCT_NAME = "$(TARGET_NAME)";
			};
			name = Release;
		};
		1C2DF2921AE26BE7006FE162 /* Debug */ = {
			isa = XCBuildConfiguration;
			buildSettings = {
				BUNDLE_LOADER = "$(TEST_HOST)";
				FRAMEWORK_SEARCH_PATHS = (
					"$(SDKROOT)/Developer/Library/Frameworks",
					"$(inherited)",
				);
				GCC_PREPROCESSOR_DEFINITIONS = (
					"DEBUG=1",
					"$(inherited)",
				);
				INFOPLIST_FILE = BRDeviceInfoImageTests/Info.plist;
				LD_RUNPATH_SEARCH_PATHS = "$(inherited) @executable_path/Frameworks @loader_path/Frameworks";
				PRODUCT_NAME = "$(TARGET_NAME)";
				TEST_HOST = "$(BUILT_PRODUCTS_DIR)/BRDeviceInfoImage.app/BRDeviceInfoImage";
			};
			name = Debug;
		};
		1C2DF2931AE26BE7006FE162 /* Release */ = {
			isa = XCBuildConfiguration;
			buildSettings = {
				BUNDLE_LOADER = "$(TEST_HOST)";
				FRAMEWORK_SEARCH_PATHS = (
					"$(SDKROOT)/Developer/Library/Frameworks",
					"$(inherited)",
				);
				INFOPLIST_FILE = BRDeviceInfoImageTests/Info.plist;
				LD_RUNPATH_SEARCH_PATHS = "$(inherited) @executable_path/Frameworks @loader_path/Frameworks";
				PRODUCT_NAME = "$(TARGET_NAME)";
				TEST_HOST = "$(BUILT_PRODUCTS_DIR)/BRDeviceInfoImage.app/BRDeviceInfoImage";
			};
			name = Release;
		};
/* End XCBuildConfiguration section */

/* Begin XCConfigurationList section */
		1C2DF2631AE26BE6006FE162 /* Build configuration list for PBXProject "BRDeviceInfoImage" */ = {
			isa = XCConfigurationList;
			buildConfigurations = (
				1C2DF28C1AE26BE7006FE162 /* Debug */,
				1C2DF28D1AE26BE7006FE162 /* Release */,
			);
			defaultConfigurationIsVisible = 0;
			defaultConfigurationName = Release;
		};
		1C2DF28E1AE26BE7006FE162 /* Build configuration list for PBXNativeTarget "BRDeviceInfoImage" */ = {
			isa = XCConfigurationList;
			buildConfigurations = (
				1C2DF28F1AE26BE7006FE162 /* Debug */,
				1C2DF2901AE26BE7006FE162 /* Release */,
			);
			defaultConfigurationIsVisible = 0;
		};
		1C2DF2911AE26BE7006FE162 /* Build configuration list for PBXNativeTarget "BRDeviceInfoImageTests" */ = {
			isa = XCConfigurationList;
			buildConfigurations = (
				1C2DF2921AE26BE7006FE162 /* Debug */,
				1C2DF2931AE26BE7006FE162 /* Release */,
			);
			defaultConfigurationIsVisible = 0;
		};
/* End XCConfigurationList section */
	};
	rootObject = 1C2DF2601AE26BE6006FE162 /* Project object */;
}
